# THIS IS AN AUTOGENERATED FILE. DO NOT EDIT THIS FILE DIRECTLY.
# yarn lockfile v1


"@babel/runtime@^7.19.0":
  "integrity" "sha512-eR8Lo9hnDS7tqkO7NsV+mKvCmv5boaXFSZ70DnfhcgiEne8hv9oCEd36Klw74EtizEqLsy4YnW8UWwpBVolHZA=="
  "resolved" "https://registry.npmjs.org/@babel/runtime/-/runtime-7.19.0.tgz"
  "version" "7.19.0"
  dependencies:
    "regenerator-runtime" "^0.13.4"

"base64-js@^1.3.1":
  "integrity" "sha512-AKpaYlHn8t4SVbOHCy+b5+KKgvR4vrsD8vbvrbiQJps7fKDTkjkDry6ji0rUJjC0kzbNePLwzxq8iypo41qeWA=="
  "resolved" "https://registry.npmjs.org/base64-js/-/base64-js-1.5.1.tgz"
  "version" "1.5.1"

"buffer@^6.0.3":
  "integrity" "sha512-FTiCpNxtwiZZHEZbcbTIcZjERVICn9yq/pDFkTl95/AxzD1naBctN7YO68riM/gLSDY7sdrMby8hofADYuuqOA=="
  "resolved" "https://registry.npmjs.org/buffer/-/buffer-6.0.3.tgz"
  "version" "6.0.3"
  dependencies:
    "base64-js" "^1.3.1"
    "ieee754" "^1.2.1"

"complex.js@^2.1.1":
  "integrity" "sha512-8njCHOTtFFLtegk6zQo0kkVX1rngygb/KQI6z1qZxlFI3scluC+LVTCFbrkWjBv4vvLlbQ9t88IPMC6k95VTTg=="
  "resolved" "https://registry.npmjs.org/complex.js/-/complex.js-2.1.1.tgz"
  "version" "2.1.1"

"dat.gui@^0.7.9":
  "integrity" "sha512-sCNc1OHobc+Erc1HqiswYgHdVNpSJUlk/Hz8vzOCsER7rl+oF/4+v8GXFUyCgtXpoCX6+bnmg07DedLvBLwYKQ=="
  "resolved" "https://registry.npmjs.org/dat.gui/-/dat.gui-0.7.9.tgz"
  "version" "0.7.9"

"decimal.js@^10.4.0":
  "integrity" "sha512-F29o+vci4DodHYT9UrR5IEbfBw9pE5eSapIJdTqXK5+6hq+t8VRxwQyKlW2i+KDKFkkJQRvFyI/QXD83h8LyQw=="
  "resolved" "https://registry.npmjs.org/decimal.js/-/decimal.js-10.4.1.tgz"
  "version" "10.4.1"

"escape-latex@^1.2.0":
  "integrity" "sha512-nV5aVWW1K0wEiUIEdZ4erkGGH8mDxGyxSeqPzRNtWP7ataw+/olFObw7hujFWlVjNsaDFw5VZ5NzVSIqRgfTiw=="
  "resolved" "https://registry.npmjs.org/escape-latex/-/escape-latex-1.2.0.tgz"
  "version" "1.2.0"

"fraction.js@^4.2.0":
  "integrity" "sha512-MhLuK+2gUcnZe8ZHlaaINnQLl0xRIGRfcGk2yl8xoQAfHrSsL3rYu6FCmBdkdbhc9EPlwyGHewaRsvwRMJtAlA=="
  "resolved" "https://registry.npmjs.org/fraction.js/-/fraction.js-4.2.0.tgz"
  "version" "4.2.0"

"ieee754@^1.2.1":
  "integrity" "sha512-dcyqhDvX1C46lXZcVqCpK+FtMRQVdIMN6/Df5js2zouUsqG7I6sFxitIC+7KYK29KdXOLHdu9zL4sFnoVQnqaA=="
  "resolved" "https://registry.npmjs.org/ieee754/-/ieee754-1.2.1.tgz"
  "version" "1.2.1"

"javascript-natural-sort@^0.7.1":
  "integrity" "sha512-nO6jcEfZWQXDhOiBtG2KvKyEptz7RVbpGP4vTD2hLBdmNQSsCiicO2Ioinv6UI4y9ukqnBpy+XZ9H6uLNgJTlw=="
  "resolved" "https://registry.npmjs.org/javascript-natural-sort/-/javascript-natural-sort-0.7.1.tgz"
  "version" "0.7.1"

"mathjs@^11.2.1":
  "integrity" "sha512-V5lqIPExHtFi56LUf0Gyz0wyuJmSbXUM3liZcCDNpj4OKQaUlpQuAymC8x9mFNqajWOgxqS1HZ7Z5B76Hbwrtw=="
  "resolved" "https://registry.npmjs.org/mathjs/-/mathjs-11.2.1.tgz"
  "version" "11.2.1"
  dependencies:
    "@babel/runtime" "^7.19.0"
    "complex.js" "^2.1.1"
    "decimal.js" "^10.4.0"
    "escape-latex" "^1.2.0"
    "fraction.js" "^4.2.0"
    "javascript-natural-sort" "^0.7.1"
    "seedrandom" "^3.0.5"
    "tiny-emitter" "^2.1.0"
    "typed-function" "^4.1.0"

"regenerator-runtime@^0.13.4":
  "integrity" "sha512-p3VT+cOEgxFsRRA9X4lkI1E+k2/CtnKtU4gcxyaCUreilL/vqI6CdZ3wxVUx3UOUg+gnUOQQcRI7BmSI656MYA=="
  "resolved" "https://registry.npmjs.org/regenerator-runtime/-/regenerator-runtime-0.13.9.tgz"
  "version" "0.13.9"

"seedrandom@^3.0.5":
  "integrity" "sha512-8OwmbklUNzwezjGInmZ+2clQmExQPvomqjL7LFqOYqtmuxRgQYqOD3mHaU+MvZn5FLUeVxVfQjwLZW/n/JFuqg=="
  "resolved" "https://registry.npmjs.org/seedrandom/-/seedrandom-3.0.5.tgz"
  "version" "3.0.5"

"three@^0.143.0":
  "integrity" "sha512-oKcAGYHhJ46TGEuHjodo2n6TY2R6lbvrkp+feKZxqsUL/WkH7GKKaeu6RHeyb2Xjfk2dPLRKLsOP0KM2VgT8Zg=="
  "resolved" "https://registry.npmjs.org/three/-/three-0.143.0.tgz"
  "version" "0.143.0"

"tiny-emitter@^2.1.0":
  "integrity" "sha512-NB6Dk1A9xgQPMoGqC5CVXn123gWyte215ONT5Pp5a0yt4nlEoO1ZWeCwpncaekPHXO60i47ihFnZPiRPjRMq4Q=="
  "resolved" "https://registry.npmjs.org/tiny-emitter/-/tiny-emitter-2.1.0.tgz"
  "version" "2.1.0"

"typed-function@^4.1.0":
  "integrity" "sha512-DGwUl6cioBW5gw2L+6SMupGwH/kZOqivy17E4nsh1JI9fKF87orMmlQx3KISQPmg3sfnOUGlwVkroosvgddrlg=="
  "resolved" "https://registry.npmjs.org/typed-function/-/typed-function-4.1.0.tgz"
  "version" "4.1.0"
